# This file is automatically @generated by Poetry 1.6.1 and should not be changed by hand.

[[package]]
name = "asgiref"
version = "3.7.2"
description = "ASGI specs, helper code, and adapters"
optional = false
python-versions = ">=3.7"
files = [
    {file = "asgiref-3.7.2-py3-none-any.whl", hash = "sha256:89b2ef2247e3b562a16eef663bc0e2e703ec6468e2fa8a5cd61cd449786d4f6e"},
    {file = "asgiref-3.7.2.tar.gz", hash = "sha256:9e0ce3aa93a819ba5b45120216b23878cf6e8525eb3848653452b4192b92afed"},
]

[package.dependencies]
typing-extensions = {version = ">=4", markers = "python_version < \"3.11\""}

[package.extras]
tests = ["mypy (>=0.800)", "pytest", "pytest-asyncio"]

[[package]]
name = "django"
version = "4.2.5"
description = "A high-level Python web framework that encourages rapid development and clean, pragmatic design."
optional = false
python-versions = ">=3.8"
files = [
    {file = "Django-4.2.5-py3-none-any.whl", hash = "sha256:b6b2b5cae821077f137dc4dade696a1c2aa292f892eca28fa8d7bfdf2608ddd4"},
    {file = "Django-4.2.5.tar.gz", hash = "sha256:5e5c1c9548ffb7796b4a8a4782e9a2e5a3df3615259fc1bfd3ebc73b646146c1"},
]

[package.dependencies]
asgiref = ">=3.6.0,<4"
sqlparse = ">=0.3.1"
tzdata = {version = "*", markers = "sys_platform == \"win32\""}

[package.extras]
argon2 = ["argon2-cffi (>=19.1.0)"]
bcrypt = ["bcrypt"]

[[package]]
name = "django-configurations"
version = "2.4.1"
description = "A helper for organizing Django settings."
optional = false
python-versions = ">=3.7, <4.0"
files = [
    {file = "django-configurations-2.4.1.tar.gz", hash = "sha256:a6c25c143834e67b20d34751512d08b3290684f25098ee212b1ee36804a59085"},
    {file = "django_configurations-2.4.1-py3-none-any.whl", hash = "sha256:8bf8866ae29db89ecf93a7743450b5d8974073cf7c194fd98764fd16deac218d"},
]

[package.dependencies]
django = ">=3.2"

[package.extras]
cache = ["django-cache-url"]
database = ["dj-database-url"]
email = ["dj-email-url"]
search = ["dj-search-url"]
testing = ["dj-database-url", "dj-email-url", "dj-search-url", "django-cache-url (>=1.0.0)"]

[[package]]
name = "django-ninja"
version = "0.22.2"
description = "Django Ninja - Fast Django REST framework"
optional = false
python-versions = ">=3.7"
files = [
    {file = "django_ninja-0.22.2-py3-none-any.whl", hash = "sha256:c53b098a8190f373ea2605c276a6061d48b2626500a9c6b9916c503e4b4a20eb"},
    {file = "django_ninja-0.22.2.tar.gz", hash = "sha256:913ebde7571d6a6968c9ac0b9e8a24680c46444d44fdd552f8831dbeede1292c"},
]

[package.dependencies]
Django = ">=2.2"
pydantic = ">=1.6,<2.0.0"

[package.extras]
dev = ["pre-commit"]
doc = ["markdown-include", "mkdocs", "mkdocs-material", "mkdocstrings"]
test = ["black", "django-stubs", "flake8", "isort", "mypy (==0.931)", "psycopg2-binary", "pytest", "pytest-asyncio", "pytest-cov", "pytest-django"]

[[package]]
name = "psycopg"
version = "3.1.10"
description = "PostgreSQL database adapter for Python"
optional = false
python-versions = ">=3.7"
files = [
    {file = "psycopg-3.1.10-py3-none-any.whl", hash = "sha256:8bbeddae5075c7890b2fa3e3553440376d3c5e28418335dee3c3656b06fa2b52"},
    {file = "psycopg-3.1.10.tar.gz", hash = "sha256:15b25741494344c24066dc2479b0f383dd1b82fa5e75612fa4fa5bb30726e9b6"},
]

[package.dependencies]
psycopg-binary = {version = "3.1.10", optional = true, markers = "extra == \"binary\""}
typing-extensions = ">=4.1"
tzdata = {version = "*", markers = "sys_platform == \"win32\""}

[package.extras]
binary = ["psycopg-binary (==3.1.10)"]
c = ["psycopg-c (==3.1.10)"]
dev = ["black (>=23.1.0)", "dnspython (>=2.1)", "flake8 (>=4.0)", "mypy (>=1.4.1)", "types-setuptools (>=57.4)", "wheel (>=0.37)"]
docs = ["Sphinx (>=5.0)", "furo (==2022.6.21)", "sphinx-autobuild (>=2021.3.14)", "sphinx-autodoc-typehints (>=1.12)"]
pool = ["psycopg-pool"]
test = ["anyio (>=3.6.2)", "mypy (>=1.4.1)", "pproxy (>=2.7)", "pytest (>=6.2.5)", "pytest-cov (>=3.0)", "pytest-randomly (>=3.5)"]

[[package]]
name = "psycopg-binary"
version = "3.1.10"
description = "PostgreSQL database adapter for Python -- C optimisation distribution"
optional = false
python-versions = ">=3.7"
files = [
    {file = "psycopg_binary-3.1.10-cp310-cp310-macosx_10_9_x86_64.whl", hash = "sha256:a529c203f6e0f4c67ba27cf8f9739eb3bc880ad70d6ad6c0e56c2230a66b5a09"},
    {file = "psycopg_binary-3.1.10-cp310-cp310-macosx_11_0_arm64.whl", hash = "sha256:bd6e14d1aeb12754a43446c77a5ce819b68875cc25ae6538089ef90d7f6dd6f7"},
    {file = "psycopg_binary-3.1.10-cp310-cp310-manylinux_2_17_aarch64.manylinux2014_aarch64.whl", hash = "sha256:1583ced5948cf88124212c4503dfe5b01ac3e2dd1a2833c083917f4c4aabe8b4"},
    {file = "psycopg_binary-3.1.10-cp310-cp310-manylinux_2_17_i686.manylinux2014_i686.whl", hash = "sha256:2098721c486478987be700723b28ec7a48f134eba339de36af0e745f37dfe461"},
    {file = "psycopg_binary-3.1.10-cp310-cp310-manylinux_2_17_ppc64le.manylinux2014_ppc64le.whl", hash = "sha256:7e61f7b412fca7b15dd043a0b22fd528d2ed8276e76b3764c3889e29fa65082b"},
    {file = "psycopg_binary-3.1.10-cp310-cp310-manylinux_2_17_x86_64.manylinux2014_x86_64.whl", hash = "sha256:e0f33e33a072e3d5af51ee4d4a439e10dbe623fe87ef295d5d688180d529f13f"},
    {file = "psycopg_binary-3.1.10-cp310-cp310-musllinux_1_1_aarch64.whl", hash = "sha256:f6f7738c59262d8d19154164d99c881ed58ed377fb6f1d685eb0dc43bbcd8022"},
    {file = "psycopg_binary-3.1.10-cp310-cp310-musllinux_1_1_i686.whl", hash = "sha256:511d38b1e1961d179d47d5103ba9634ecfc7ead431d19a9337ef82f3a2bca807"},
    {file = "psycopg_binary-3.1.10-cp310-cp310-musllinux_1_1_ppc64le.whl", hash = "sha256:666e7acf2ffdb5e8a58e8b0c1759facdb9688c7e90ee8ca7aed675803b57404d"},
    {file = "psycopg_binary-3.1.10-cp310-cp310-musllinux_1_1_x86_64.whl", hash = "sha256:57b93c756fee5f7c7bd580c34cd5d244f7d5638f8b2cf25333f97b9b8b2ebfd1"},
    {file = "psycopg_binary-3.1.10-cp310-cp310-win_amd64.whl", hash = "sha256:a1d61b7724c7215a8ea4495a5c6b704656f4b7bb6165f4cb9989b685886ebc48"},
    {file = "psycopg_binary-3.1.10-cp311-cp311-macosx_10_9_x86_64.whl", hash = "sha256:36fff836a7823c9d71fa7faa333c74b2b081af216cebdbb0f481dce55ee2d974"},
    {file = "psycopg_binary-3.1.10-cp311-cp311-macosx_11_0_arm64.whl", hash = "sha256:32caf98cb00881bfcbbbae39a15f2a4e08b79ff983f1c0f13b60a888ef6e8431"},
    {file = "psycopg_binary-3.1.10-cp311-cp311-manylinux_2_17_aarch64.manylinux2014_aarch64.whl", hash = "sha256:5565a6a86fee8d74f30de89e07f399567cdf59367aeb09624eb690d524339076"},
    {file = "psycopg_binary-3.1.10-cp311-cp311-manylinux_2_17_i686.manylinux2014_i686.whl", hash = "sha256:9fb0d64520b29bd80a6731476ad8e1c20348dfdee00ab098899d23247b641675"},
    {file = "psycopg_binary-3.1.10-cp311-cp311-manylinux_2_17_ppc64le.manylinux2014_ppc64le.whl", hash = "sha256:bfc05ed4e74fa8615d7cc2bd57f00f97662f4e865a731dbd43da9a527e289c8c"},
    {file = "psycopg_binary-3.1.10-cp311-cp311-manylinux_2_17_x86_64.manylinux2014_x86_64.whl", hash = "sha256:c5b59c8cff887757ddf438ff9489d79c5e6b717112c96f5c68e16f367ff8724e"},
    {file = "psycopg_binary-3.1.10-cp311-cp311-musllinux_1_1_aarch64.whl", hash = "sha256:a4cbaf12361136afefc5faab21a174a437e71c803b083f410e5140c7605bc66b"},
    {file = "psycopg_binary-3.1.10-cp311-cp311-musllinux_1_1_i686.whl", hash = "sha256:ff72576061c774bcce5f5440b93e63d4c430032dd056d30f6cb1988e549dd92c"},
    {file = "psycopg_binary-3.1.10-cp311-cp311-musllinux_1_1_ppc64le.whl", hash = "sha256:a4e91e1a8d61c60f592a1dfcebdf55e52a29fe4fdb650c5bd5414c848e77d029"},
    {file = "psycopg_binary-3.1.10-cp311-cp311-musllinux_1_1_x86_64.whl", hash = "sha256:f7187269d825e84c945be7d93dd5088a4e0b6481a4bdaba3bf7069d4ac13703d"},
    {file = "psycopg_binary-3.1.10-cp311-cp311-win_amd64.whl", hash = "sha256:ba7812a593c16d9d661844dc8dd4d81548fd1c2a0ee676f3e3d8638369f4c5e4"},
    {file = "psycopg_binary-3.1.10-cp37-cp37m-macosx_10_9_x86_64.whl", hash = "sha256:88caa5859740507b3596c6c2e00ceaccee2c6ab5317bc535887801ad3cc7f3e1"},
    {file = "psycopg_binary-3.1.10-cp37-cp37m-manylinux_2_17_aarch64.manylinux2014_aarch64.whl", hash = "sha256:4a3a7e99ba10c2e83a48d79431560e0d5ca7865f68f2bac3a462dc2b151e9926"},
    {file = "psycopg_binary-3.1.10-cp37-cp37m-manylinux_2_17_i686.manylinux2014_i686.whl", hash = "sha256:848f4f4707dc73f4b4e844c92f3de795b2ddb728f75132602bda5e6ba55084fc"},
    {file = "psycopg_binary-3.1.10-cp37-cp37m-manylinux_2_17_ppc64le.manylinux2014_ppc64le.whl", hash = "sha256:415961e839bb49cfd75cd961503fb8846c0768f247db1fa7171c1ac61d38711b"},
    {file = "psycopg_binary-3.1.10-cp37-cp37m-manylinux_2_17_x86_64.manylinux2014_x86_64.whl", hash = "sha256:0471869e658d0c6b8c3ed53153794739c18d7dad2dd5b8e6ff023a364c20f7df"},
    {file = "psycopg_binary-3.1.10-cp37-cp37m-musllinux_1_1_aarch64.whl", hash = "sha256:4290060ee0d856caa979ecf675c0e6959325f508272ccf27f64c3801c7bcbde7"},
    {file = "psycopg_binary-3.1.10-cp37-cp37m-musllinux_1_1_i686.whl", hash = "sha256:abf04bc06c8f6a1ac3dc2106d3b79c8661352e9d8a57ca2934ffa6aae8fe600a"},
    {file = "psycopg_binary-3.1.10-cp37-cp37m-musllinux_1_1_ppc64le.whl", hash = "sha256:51fe70708243b83bf16710d8c11b61bd46562e6a24a6300d5434380b35911059"},
    {file = "psycopg_binary-3.1.10-cp37-cp37m-musllinux_1_1_x86_64.whl", hash = "sha256:8b658f7f8b49fb60a1c52e3f6692f690a85bdf1ad30aafe0f3f1fd74f6958cf8"},
    {file = "psycopg_binary-3.1.10-cp37-cp37m-win_amd64.whl", hash = "sha256:ffc8c796194f23b9b07f6d25f927ec4df84a194bbc7a1f9e73316734eef512f9"},
    {file = "psycopg_binary-3.1.10-cp38-cp38-macosx_10_9_x86_64.whl", hash = "sha256:74ce92122be34cf0e5f06d79869e1001c8421a68fa7ddf6fe38a717155cf3a64"},
    {file = "psycopg_binary-3.1.10-cp38-cp38-macosx_11_0_arm64.whl", hash = "sha256:75608a900984061c8898be68fbddc6f3da5eefdffce6e0624f5371645740d172"},
    {file = "psycopg_binary-3.1.10-cp38-cp38-manylinux_2_17_aarch64.manylinux2014_aarch64.whl", hash = "sha256:6670d160d054466e8fdedfbc749ef8bf7dfdf69296048954d24645dd4d3d3c01"},
    {file = "psycopg_binary-3.1.10-cp38-cp38-manylinux_2_17_i686.manylinux2014_i686.whl", hash = "sha256:d32026cfab7ba7ac687a42c33345026a2fb6fc5608a6144077f767af4386be0b"},
    {file = "psycopg_binary-3.1.10-cp38-cp38-manylinux_2_17_ppc64le.manylinux2014_ppc64le.whl", hash = "sha256:908fa388a5b75dfd17a937acb24708bd272e21edefca9a495004c6f70ec2636a"},
    {file = "psycopg_binary-3.1.10-cp38-cp38-manylinux_2_17_x86_64.manylinux2014_x86_64.whl", hash = "sha256:1e46b97073bd4de114f475249d681eaf054e950699c5d7af554d3684db39b82d"},
    {file = "psycopg_binary-3.1.10-cp38-cp38-musllinux_1_1_aarch64.whl", hash = "sha256:9cf56bb4b115def3a18157f3b3b7d8322ee94a8dea30028db602c8f9ae34ad1e"},
    {file = "psycopg_binary-3.1.10-cp38-cp38-musllinux_1_1_i686.whl", hash = "sha256:3b6c6f90241c4c5a6ca3f0d8827e37ef90fdc4deb9d8cfa5678baa0ea374b391"},
    {file = "psycopg_binary-3.1.10-cp38-cp38-musllinux_1_1_ppc64le.whl", hash = "sha256:747176a6aeb058079f56c5397bd90339581ab7b3cc0d62e7445654e6a484c7e1"},
    {file = "psycopg_binary-3.1.10-cp38-cp38-musllinux_1_1_x86_64.whl", hash = "sha256:41a415e78c457b06497fa0084e4ea7245ca1a377b55756dd757034210b64da7e"},
    {file = "psycopg_binary-3.1.10-cp38-cp38-win_amd64.whl", hash = "sha256:a7bbe9017edd898d7b3a8747700ed045dda96a907dff87f45e642e28d8584481"},
    {file = "psycopg_binary-3.1.10-cp39-cp39-macosx_10_9_x86_64.whl", hash = "sha256:0f062f20256708929a58c41d44f350efced4c00a603323d1413f6dc0b84d95a5"},
    {file = "psycopg_binary-3.1.10-cp39-cp39-macosx_11_0_arm64.whl", hash = "sha256:dea30f2704337ca2d0322fccfe1fa30f61ce9185de3937eb986321063114a51f"},
    {file = "psycopg_binary-3.1.10-cp39-cp39-manylinux_2_17_aarch64.manylinux2014_aarch64.whl", hash = "sha256:b9d88ac72531034ebf7ec09114e732b066a9078f4ce213cf65cc5e42eb538d30"},
    {file = "psycopg_binary-3.1.10-cp39-cp39-manylinux_2_17_i686.manylinux2014_i686.whl", hash = "sha256:f2bea0940d69c3e24a72530730952687912893b34c53aa39e79045e7b446174d"},
    {file = "psycopg_binary-3.1.10-cp39-cp39-manylinux_2_17_ppc64le.manylinux2014_ppc64le.whl", hash = "sha256:6a691dc8e2436d9c1e5cf93902d63e9501688fccc957eb22f952d37886257470"},
    {file = "psycopg_binary-3.1.10-cp39-cp39-manylinux_2_17_x86_64.manylinux2014_x86_64.whl", hash = "sha256:fa92661f99351765673835a4d936d79bd24dfbb358b29b084d83be38229a90e4"},
    {file = "psycopg_binary-3.1.10-cp39-cp39-musllinux_1_1_aarch64.whl", hash = "sha256:30eb731ed5525d8df892db6532cc8ffd8a163b73bc355127dee9c49334e16eee"},
    {file = "psycopg_binary-3.1.10-cp39-cp39-musllinux_1_1_i686.whl", hash = "sha256:50bf7a59d3a85a82d466fed341d352b44d09d6adc18656101d163a7cfc6509a0"},
    {file = "psycopg_binary-3.1.10-cp39-cp39-musllinux_1_1_ppc64le.whl", hash = "sha256:f48665947c55f8d6eb3f0be98de80411508e1ec329f354685329b57fced82c7f"},
    {file = "psycopg_binary-3.1.10-cp39-cp39-musllinux_1_1_x86_64.whl", hash = "sha256:caa771569da01fc0389ca34920c331a284425a68f92d1ba0a80cc08935f8356e"},
    {file = "psycopg_binary-3.1.10-cp39-cp39-win_amd64.whl", hash = "sha256:b30887e631fd67affaed98f6cd2135b44f2d1a6d9bca353a69c3889c78bd7aa8"},
]

[[package]]
name = "pydantic"
version = "1.10.12"
description = "Data validation and settings management using python type hints"
optional = false
python-versions = ">=3.7"
files = [
    {file = "pydantic-1.10.12-cp310-cp310-macosx_10_9_x86_64.whl", hash = "sha256:a1fcb59f2f355ec350073af41d927bf83a63b50e640f4dbaa01053a28b7a7718"},
    {file = "pydantic-1.10.12-cp310-cp310-macosx_11_0_arm64.whl", hash = "sha256:b7ccf02d7eb340b216ec33e53a3a629856afe1c6e0ef91d84a4e6f2fb2ca70fe"},
    {file = "pydantic-1.10.12-cp310-cp310-manylinux_2_17_x86_64.manylinux2014_x86_64.whl", hash = "sha256:8fb2aa3ab3728d950bcc885a2e9eff6c8fc40bc0b7bb434e555c215491bcf48b"},
    {file = "pydantic-1.10.12-cp310-cp310-manylinux_2_5_i686.manylinux1_i686.manylinux_2_17_i686.manylinux2014_i686.whl", hash = "sha256:771735dc43cf8383959dc9b90aa281f0b6092321ca98677c5fb6125a6f56d58d"},
    {file = "pydantic-1.10.12-cp310-cp310-musllinux_1_1_i686.whl", hash = "sha256:ca48477862372ac3770969b9d75f1bf66131d386dba79506c46d75e6b48c1e09"},
    {file = "pydantic-1.10.12-cp310-cp310-musllinux_1_1_x86_64.whl", hash = "sha256:a5e7add47a5b5a40c49b3036d464e3c7802f8ae0d1e66035ea16aa5b7a3923ed"},
    {file = "pydantic-1.10.12-cp310-cp310-win_amd64.whl", hash = "sha256:e4129b528c6baa99a429f97ce733fff478ec955513630e61b49804b6cf9b224a"},
    {file = "pydantic-1.10.12-cp311-cp311-macosx_10_9_x86_64.whl", hash = "sha256:b0d191db0f92dfcb1dec210ca244fdae5cbe918c6050b342d619c09d31eea0cc"},
    {file = "pydantic-1.10.12-cp311-cp311-macosx_11_0_arm64.whl", hash = "sha256:795e34e6cc065f8f498c89b894a3c6da294a936ee71e644e4bd44de048af1405"},
    {file = "pydantic-1.10.12-cp311-cp311-manylinux_2_17_x86_64.manylinux2014_x86_64.whl", hash = "sha256:69328e15cfda2c392da4e713443c7dbffa1505bc9d566e71e55abe14c97ddc62"},
    {file = "pydantic-1.10.12-cp311-cp311-manylinux_2_5_i686.manylinux1_i686.manylinux_2_17_i686.manylinux2014_i686.whl", hash = "sha256:2031de0967c279df0d8a1c72b4ffc411ecd06bac607a212892757db7462fc494"},
    {file = "pydantic-1.10.12-cp311-cp311-musllinux_1_1_i686.whl", hash = "sha256:ba5b2e6fe6ca2b7e013398bc7d7b170e21cce322d266ffcd57cca313e54fb246"},
    {file = "pydantic-1.10.12-cp311-cp311-musllinux_1_1_x86_64.whl", hash = "sha256:2a7bac939fa326db1ab741c9d7f44c565a1d1e80908b3797f7f81a4f86bc8d33"},
    {file = "pydantic-1.10.12-cp311-cp311-win_amd64.whl", hash = "sha256:87afda5539d5140cb8ba9e8b8c8865cb5b1463924d38490d73d3ccfd80896b3f"},
    {file = "pydantic-1.10.12-cp37-cp37m-macosx_10_9_x86_64.whl", hash = "sha256:549a8e3d81df0a85226963611950b12d2d334f214436a19537b2efed61b7639a"},
    {file = "pydantic-1.10.12-cp37-cp37m-manylinux_2_17_x86_64.manylinux2014_x86_64.whl", hash = "sha256:598da88dfa127b666852bef6d0d796573a8cf5009ffd62104094a4fe39599565"},
    {file = "pydantic-1.10.12-cp37-cp37m-manylinux_2_5_i686.manylinux1_i686.manylinux_2_17_i686.manylinux2014_i686.whl", hash = "sha256:ba5c4a8552bff16c61882db58544116d021d0b31ee7c66958d14cf386a5b5350"},
    {file = "pydantic-1.10.12-cp37-cp37m-musllinux_1_1_i686.whl", hash = "sha256:c79e6a11a07da7374f46970410b41d5e266f7f38f6a17a9c4823db80dadf4303"},
    {file = "pydantic-1.10.12-cp37-cp37m-musllinux_1_1_x86_64.whl", hash = "sha256:ab26038b8375581dc832a63c948f261ae0aa21f1d34c1293469f135fa92972a5"},
    {file = "pydantic-1.10.12-cp37-cp37m-win_amd64.whl", hash = "sha256:e0a16d274b588767602b7646fa05af2782576a6cf1022f4ba74cbb4db66f6ca8"},
    {file = "pydantic-1.10.12-cp38-cp38-macosx_10_9_x86_64.whl", hash = "sha256:6a9dfa722316f4acf4460afdf5d41d5246a80e249c7ff475c43a3a1e9d75cf62"},
    {file = "pydantic-1.10.12-cp38-cp38-macosx_11_0_arm64.whl", hash = "sha256:a73f489aebd0c2121ed974054cb2759af8a9f747de120acd2c3394cf84176ccb"},
    {file = "pydantic-1.10.12-cp38-cp38-manylinux_2_17_x86_64.manylinux2014_x86_64.whl", hash = "sha256:6b30bcb8cbfccfcf02acb8f1a261143fab622831d9c0989707e0e659f77a18e0"},
    {file = "pydantic-1.10.12-cp38-cp38-manylinux_2_5_i686.manylinux1_i686.manylinux_2_17_i686.manylinux2014_i686.whl", hash = "sha256:2fcfb5296d7877af406ba1547dfde9943b1256d8928732267e2653c26938cd9c"},
    {file = "pydantic-1.10.12-cp38-cp38-musllinux_1_1_i686.whl", hash = "sha256:2f9a6fab5f82ada41d56b0602606a5506aab165ca54e52bc4545028382ef1c5d"},
    {file = "pydantic-1.10.12-cp38-cp38-musllinux_1_1_x86_64.whl", hash = "sha256:dea7adcc33d5d105896401a1f37d56b47d443a2b2605ff8a969a0ed5543f7e33"},
    {file = "pydantic-1.10.12-cp38-cp38-win_amd64.whl", hash = "sha256:1eb2085c13bce1612da8537b2d90f549c8cbb05c67e8f22854e201bde5d98a47"},
    {file = "pydantic-1.10.12-cp39-cp39-macosx_10_9_x86_64.whl", hash = "sha256:ef6c96b2baa2100ec91a4b428f80d8f28a3c9e53568219b6c298c1125572ebc6"},
    {file = "pydantic-1.10.12-cp39-cp39-macosx_11_0_arm64.whl", hash = "sha256:6c076be61cd0177a8433c0adcb03475baf4ee91edf5a4e550161ad57fc90f523"},
    {file = "pydantic-1.10.12-cp39-cp39-manylinux_2_17_x86_64.manylinux2014_x86_64.whl", hash = "sha256:2d5a58feb9a39f481eda4d5ca220aa8b9d4f21a41274760b9bc66bfd72595b86"},
    {file = "pydantic-1.10.12-cp39-cp39-manylinux_2_5_i686.manylinux1_i686.manylinux_2_17_i686.manylinux2014_i686.whl", hash = "sha256:e5f805d2d5d0a41633651a73fa4ecdd0b3d7a49de4ec3fadf062fe16501ddbf1"},
    {file = "pydantic-1.10.12-cp39-cp39-musllinux_1_1_i686.whl", hash = "sha256:1289c180abd4bd4555bb927c42ee42abc3aee02b0fb2d1223fb7c6e5bef87dbe"},
    {file = "pydantic-1.10.12-cp39-cp39-musllinux_1_1_x86_64.whl", hash = "sha256:5d1197e462e0364906cbc19681605cb7c036f2475c899b6f296104ad42b9f5fb"},
    {file = "pydantic-1.10.12-cp39-cp39-win_amd64.whl", hash = "sha256:fdbdd1d630195689f325c9ef1a12900524dceb503b00a987663ff4f58669b93d"},
    {file = "pydantic-1.10.12-py3-none-any.whl", hash = "sha256:b749a43aa51e32839c9d71dc67eb1e4221bb04af1033a32e3923d46f9effa942"},
    {file = "pydantic-1.10.12.tar.gz", hash = "sha256:0fe8a415cea8f340e7a9af9c54fc71a649b43e8ca3cc732986116b3cb135d303"},
]

[package.dependencies]
typing-extensions = ">=4.2.0"

[package.extras]
dotenv = ["python-dotenv (>=0.10.4)"]
email = ["email-validator (>=1.0.3)"]

[[package]]
name = "sqlparse"
version = "0.4.4"
description = "A non-validating SQL parser."
optional = false
python-versions = ">=3.5"
files = [
    {file = "sqlparse-0.4.4-py3-none-any.whl", hash = "sha256:5430a4fe2ac7d0f93e66f1efc6e1338a41884b7ddf2a350cedd20ccc4d9d28f3"},
    {file = "sqlparse-0.4.4.tar.gz", hash = "sha256:d446183e84b8349fa3061f0fe7f06ca94ba65b426946ffebe6e3e8295332420c"},
]

[package.extras]
dev = ["build", "flake8"]
doc = ["sphinx"]
test = ["pytest", "pytest-cov"]

[[package]]
name = "typing-extensions"
version = "4.7.1"
description = "Backported and Experimental Type Hints for Python 3.7+"
optional = false
python-versions = ">=3.7"
files = [
    {file = "typing_extensions-4.7.1-py3-none-any.whl", hash = "sha256:440d5dd3af93b060174bf433bccd69b0babc3b15b1a8dca43789fd7f61514b36"},
    {file = "typing_extensions-4.7.1.tar.gz", hash = "sha256:b75ddc264f0ba5615db7ba217daeb99701ad295353c45f9e95963337ceeeffb2"},
]

[[package]]
name = "tzdata"
version = "2023.3"
description = "Provider of IANA time zone data"
optional = false
python-versions = ">=2"
files = [
    {file = "tzdata-2023.3-py2.py3-none-any.whl", hash = "sha256:7e65763eef3120314099b6939b5546db7adce1e7d6f2e179e3df563c70511eda"},
    {file = "tzdata-2023.3.tar.gz", hash = "sha256:11ef1e08e54acb0d4f95bdb1be05da659673de4acbd21bf9c69e94cc5e907a3a"},
]

[[package]]
name = "uuid"
version = "1.30"
description = "UUID object and generation functions (Python 2.3 or higher)"
optional = false
python-versions = "*"
files = [
    {file = "uuid-1.30.tar.gz", hash = "sha256:1f87cc004ac5120466f36c5beae48b4c48cc411968eed0eaecd3da82aa96193f"},
]

[[package]]
name = "uwsgi"
version = "2.0.22"
description = "The uWSGI server"
optional = false
python-versions = "*"
files = [
    {file = "uwsgi-2.0.22.tar.gz", hash = "sha256:4cc4727258671ac5fa17ab422155e9aaef8a2008ebb86e4404b66deaae965db2"},
]

[metadata]
lock-version = "2.0"
python-versions = "3.10.4"
content-hash = "95a3f6425fffc599650fa562d06dce20cdd1087615122658a3680bfd46239b39"
